// !$*UTF8*$!
{
	archiveVersion = 1;
	classes = {
	};
	objectVersion = 46;
	objects = {

/* Begin PBXBuildFile section */
		4EDAA90C1F2D489D00F1A5A2 /* AppDelegate.swift in Sources */ = {isa = PBXBuildFile; fileRef = 4EDAA90B1F2D489D00F1A5A2 /* AppDelegate.swift */; };
		4EDAA90E1F2D489D00F1A5A2 /* ViewController.swift in Sources */ = {isa = PBXBuildFile; fileRef = 4EDAA90D1F2D489D00F1A5A2 /* ViewController.swift */; };
		4EDAA9111F2D489D00F1A5A2 /* Main.storyboard in Resources */ = {isa = PBXBuildFile; fileRef = 4EDAA90F1F2D489D00F1A5A2 /* Main.storyboard */; };
		4EDAA9131F2D489D00F1A5A2 /* Assets.xcassets in Resources */ = {isa = PBXBuildFile; fileRef = 4EDAA9121F2D489D00F1A5A2 /* Assets.xcassets */; };
		4EDAA9161F2D489D00F1A5A2 /* LaunchScreen.storyboard in Resources */ = {isa = PBXBuildFile; fileRef = 4EDAA9141F2D489D00F1A5A2 /* LaunchScreen.storyboard */; };
		4EDAA9211F2D489D00F1A5A2 /* TestInnerTableViewTests.swift in Sources */ = {isa = PBXBuildFile; fileRef = 4EDAA9201F2D489D00F1A5A2 /* TestInnerTableViewTests.swift */; };
		4EDAA92C1F2D489D00F1A5A2 /* TestInnerTableViewUITests.swift in Sources */ = {isa = PBXBuildFile; fileRef = 4EDAA92B1F2D489D00F1A5A2 /* TestInnerTableViewUITests.swift */; };
/* End PBXBuildFile section */

/* Begin PBXContainerItemProxy section */
		4EDAA91D1F2D489D00F1A5A2 /* PBXContainerItemProxy */ = {
			isa = PBXContainerItemProxy;
			containerPortal = 4EDAA9001F2D489D00F1A5A2 /* Project object */;
			proxyType = 1;
			remoteGlobalIDString = 4EDAA9071F2D489D00F1A5A2;
			remoteInfo = TestInnerTableView;
		};
		4EDAA9281F2D489D00F1A5A2 /* PBXContainerItemProxy */ = {
			isa = PBXContainerItemProxy;
			containerPortal = 4EDAA9001F2D489D00F1A5A2 /* Project object */;
			proxyType = 1;
			remoteGlobalIDString = 4EDAA9071F2D489D00F1A5A2;
			remoteInfo = TestInnerTableView;
		};
/* End PBXContainerItemProxy section */

/* Begin PBXFileReference section */
		4EDAA9081F2D489D00F1A5A2 /* TestInnerTableView.app */ = {isa = PBXFileReference; explicitFileType = wrapper.application; includeInIndex = 0; path = TestInnerTableView.app; sourceTree = BUILT_PRODUCTS_DIR; };
		4EDAA90B1F2D489D00F1A5A2 /* AppDelegate.swift */ = {isa = PBXFileReference; lastKnownFileType = sourcecode.swift; path = AppDelegate.swift; sourceTree = "<group>"; };
		4EDAA90D1F2D489D00F1A5A2 /* ViewController.swift */ = {isa = PBXFileReference; lastKnownFileType = sourcecode.swift; path = ViewController.swift; sourceTree = "<group>"; };
		4EDAA9101F2D489D00F1A5A2 /* Base */ = {isa = PBXFileReference; lastKnownFileType = file.storyboard; name = Base; path = Base.lproj/Main.storyboard; sourceTree = "<group>"; };
		4EDAA9121F2D489D00F1A5A2 /* Assets.xcassets */ = {isa = PBXFileReference; lastKnownFileType = folder.assetcatalog; path = Assets.xcassets; sourceTree = "<group>"; };
		4EDAA9151F2D489D00F1A5A2 /* Base */ = {isa = PBXFileReference; lastKnownFileType = file.storyboard; name = Base; path = Base.lproj/LaunchScreen.storyboard; sourceTree = "<group>"; };
		4EDAA9171F2D489D00F1A5A2 /* Info.plist */ = {isa = PBXFileReference; lastKnownFileType = text.plist.xml; path = Info.plist; sourceTree = "<group>"; };
		4EDAA91C1F2D489D00F1A5A2 /* TestInnerTableViewTests.xctest */ = {isa = PBXFileReference; explicitFileType = wrapper.cfbundle; includeInIndex = 0; path = TestInnerTableViewTests.xctest; sourceTree = BUILT_PRODUCTS_DIR; };
		4EDAA9201F2D489D00F1A5A2 /* TestInnerTableViewTests.swift */ = {isa = PBXFileReference; lastKnownFileType = sourcecode.swift; path = TestInnerTableViewTests.swift; sourceTree = "<group>"; };
		4EDAA9221F2D489D00F1A5A2 /* Info.plist */ = {isa = PBXFileReference; lastKnownFileType = text.plist.xml; path = Info.plist; sourceTree = "<group>"; };
		4EDAA9271F2D489D00F1A5A2 /* TestInnerTableViewUITests.xctest */ = {isa = PBXFileReference; explicitFileType = wrapper.cfbundle; includeInIndex = 0; path = TestInnerTableViewUITests.xctest; sourceTree = BUILT_PRODUCTS_DIR; };
		4EDAA92B1F2D489D00F1A5A2 /* TestInnerTableViewUITests.swift */ = {isa = PBXFileReference; lastKnownFileType = sourcecode.swift; path = TestInnerTableViewUITests.swift; sourceTree = "<group>"; };
		4EDAA92D1F2D489D00F1A5A2 /* Info.plist */ = {isa = PBXFileReference; lastKnownFileType = text.plist.xml; path = Info.plist; sourceTree = "<group>"; };
/* End PBXFileReference section */

/* Begin PBXFrameworksBuildPhase section */
		4EDAA9051F2D489D00F1A5A2 /* Frameworks */ = {
			isa = PBXFrameworksBuildPhase;
			buildActionMask = 2147483647;
			files = (
			);
			runOnlyForDeploymentPostprocessing = 0;
		};
		4EDAA9191F2D489D00F1A5A2 /* Frameworks */ = {
			isa = PBXFrameworksBuildPhase;
			buildActionMask = 2147483647;
			files = (
			);
			runOnlyForDeploymentPostprocessing = 0;
		};
		4EDAA9241F2D489D00F1A5A2 /* Frameworks */ = {
			isa = PBXFrameworksBuildPhase;
			buildActionMask = 2147483647;
			files = (
			);
			runOnlyForDeploymentPostprocessing = 0;
		};
/* End PBXFrameworksBuildPhase section */

/* Begin PBXGroup section */
		4EDAA8FF1F2D489D00F1A5A2 = {
			isa = PBXGroup;
			children = (
				4EDAA90A1F2D489D00F1A5A2 /* TestInnerTableView */,
				4EDAA91F1F2D489D00F1A5A2 /* TestInnerTableViewTests */,
				4EDAA92A1F2D489D00F1A5A2 /* TestInnerTableViewUITests */,
				4EDAA9091F2D489D00F1A5A2 /* Products */,
			);
			sourceTree = "<group>";
		};
		4EDAA9091F2D489D00F1A5A2 /* Products */ = {
			isa = PBXGroup;
			children = (
				4EDAA9081F2D489D00F1A5A2 /* TestInnerTableView.app */,
				4EDAA91C1F2D489D00F1A5A2 /* TestInnerTableViewTests.xctest */,
				4EDAA9271F2D489D00F1A5A2 /* TestInnerTableViewUITests.xctest */,
			);
			name = Products;
			sourceTree = "<group>";
		};
		4EDAA90A1F2D489D00F1A5A2 /* TestInnerTableView */ = {
			isa = PBXGroup;
			children = (
				4EDAA90B1F2D489D00F1A5A2 /* AppDelegate.swift */,
				4EDAA90D1F2D489D00F1A5A2 /* ViewController.swift */,
				4EDAA90F1F2D489D00F1A5A2 /* Main.storyboard */,
				4EDAA9121F2D489D00F1A5A2 /* Assets.xcassets */,
				4EDAA9141F2D489D00F1A5A2 /* LaunchScreen.storyboard */,
				4EDAA9171F2D489D00F1A5A2 /* Info.plist */,
			);
			path = TestInnerTableView;
			sourceTree = "<group>";
		};
		4EDAA91F1F2D489D00F1A5A2 /* TestInnerTableViewTests */ = {
			isa = PBXGroup;
			children = (
				4EDAA9201F2D489D00F1A5A2 /* TestInnerTableViewTests.swift */,
				4EDAA9221F2D489D00F1A5A2 /* Info.plist */,
			);
			path = TestInnerTableViewTests;
			sourceTree = "<group>";
		};
		4EDAA92A1F2D489D00F1A5A2 /* TestInnerTableViewUITests */ = {
			isa = PBXGroup;
			children = (
				4EDAA92B1F2D489D00F1A5A2 /* TestInnerTableViewUITests.swift */,
				4EDAA92D1F2D489D00F1A5A2 /* Info.plist */,
			);
			path = TestInnerTableViewUITests;
			sourceTree = "<group>";
		};
/* End PBXGroup section */

/* Begin PBXNativeTarget section */
		4EDAA9071F2D489D00F1A5A2 /* TestInnerTableView */ = {
			isa = PBXNativeTarget;
			buildConfigurationList = 4EDAA9301F2D489D00F1A5A2 /* Build configuration list for PBXNativeTarget "TestInnerTableView" */;
			buildPhases = (
				4EDAA9041F2D489D00F1A5A2 /* Sources */,
				4EDAA9051F2D489D00F1A5A2 /* Frameworks */,
				4EDAA9061F2D489D00F1A5A2 /* Resources */,
			);
			buildRules = (
			);
			dependencies = (
			);
			name = TestInnerTableView;
			productName = TestInnerTableView;
			productReference = 4EDAA9081F2D489D00F1A5A2 /* TestInnerTableView.app */;
			productType = "com.apple.product-type.application";
		};
		4EDAA91B1F2D489D00F1A5A2 /* TestInnerTableViewTests */ = {
			isa = PBXNativeTarget;
			buildConfigurationList = 4EDAA9331F2D489D00F1A5A2 /* Build configuration list for PBXNativeTarget "TestInnerTableViewTests" */;
			buildPhases = (
				4EDAA9181F2D489D00F1A5A2 /* Sources */,
				4EDAA9191F2D489D00F1A5A2 /* Frameworks */,
				4EDAA91A1F2D489D00F1A5A2 /* Resources */,
			);
			buildRules = (
			);
			dependencies = (
				4EDAA91E1F2D489D00F1A5A2 /* PBXTargetDependency */,
			);
			name = TestInnerTableViewTests;
			productName = TestInnerTableViewTests;
			productReference = 4EDAA91C1F2D489D00F1A5A2 /* TestInnerTableViewTests.xctest */;
			productType = "com.apple.product-type.bundle.unit-test";
		};
		4EDAA9261F2D489D00F1A5A2 /* TestInnerTableViewUITests */ = {
			isa = PBXNativeTarget;
			buildConfigurationList = 4EDAA9361F2D489D00F1A5A2 /* Build configuration list for PBXNativeTarget "TestInnerTableViewUITests" */;
			buildPhases = (
				4EDAA9231F2D489D00F1A5A2 /* Sources */,
				4EDAA9241F2D489D00F1A5A2 /* Frameworks */,
				4EDAA9251F2D489D00F1A5A2 /* Resources */,
			);
			buildRules = (
			);
			dependencies = (
				4EDAA9291F2D489D00F1A5A2 /* PBXTargetDependency */,
			);
			name = TestInnerTableViewUITests;
			productName = TestInnerTableViewUITests;
			productReference = 4EDAA9271F2D489D00F1A5A2 /* TestInnerTableViewUITests.xctest */;
			productType = "com.apple.product-type.bundle.ui-testing";
		};
/* End PBXNativeTarget section */

/* Begin PBXProject section */
		4EDAA9001F2D489D00F1A5A2 /* Project object */ = {
			isa = PBXProject;
			attributes = {
				LastSwiftUpdateCheck = 0830;
				LastUpgradeCheck = 0830;
				ORGANIZATIONNAME = DevArtisant;
				TargetAttributes = {
					4EDAA9071F2D489D00F1A5A2 = {
						CreatedOnToolsVersion = 8.3.3;
						DevelopmentTeam = H9A6R5Z86A;
						ProvisioningStyle = Automatic;
					};
					4EDAA91B1F2D489D00F1A5A2 = {
						CreatedOnToolsVersion = 8.3.3;
						DevelopmentTeam = H9A6R5Z86A;
						ProvisioningStyle = Automatic;
						TestTargetID = 4EDAA9071F2D489D00F1A5A2;
					};
					4EDAA9261F2D489D00F1A5A2 = {
						CreatedOnToolsVersion = 8.3.3;
						DevelopmentTeam = H9A6R5Z86A;
						ProvisioningStyle = Automatic;
						TestTargetID = 4EDAA9071F2D489D00F1A5A2;
					};
				};
			};
			buildConfigurationList = 4EDAA9031F2D489D00F1A5A2 /* Build configuration list for PBXProject "TestInnerTableView" */;
			compatibilityVersion = "Xcode 3.2";
			developmentRegion = English;
			hasScannedForEncodings = 0;
			knownRegions = (
				en,
				Base,
			);
			mainGroup = 4EDAA8FF1F2D489D00F1A5A2;
			productRefGroup = 4EDAA9091F2D489D00F1A5A2 /* Products */;
			projectDirPath = "";
			projectRoot = "";
			targets = (
				4EDAA9071F2D489D00F1A5A2 /* TestInnerTableView */,
				4EDAA91B1F2D489D00F1A5A2 /* TestInnerTableViewTests */,
				4EDAA9261F2D489D00F1A5A2 /* TestInnerTableViewUITests */,
			);
		};
/* End PBXProject section */

/* Begin PBXResourcesBuildPhase section */
		4EDAA9061F2D489D00F1A5A2 /* Resources */ = {
			isa = PBXResourcesBuildPhase;
			buildActionMask = 2147483647;
			files = (
				4EDAA9161F2D489D00F1A5A2 /* LaunchScreen.storyboard in Resources */,
				4EDAA9131F2D489D00F1A5A2 /* Assets.xcassets in Resources */,
				4EDAA9111F2D489D00F1A5A2 /* Main.storyboard in Resources */,
			);
			runOnlyForDeploymentPostprocessing = 0;
		};
		4EDAA91A1F2D489D00F1A5A2 /* Resources */ = {
			isa = PBXResourcesBuildPhase;
			buildActionMask = 2147483647;
			files = (
			);
			runOnlyForDeploymentPostprocessing = 0;
		};
		4EDAA9251F2D489D00F1A5A2 /* Resources */ = {
			isa = PBXResourcesBuildPhase;
			buildActionMask = 2147483647;
			files = (
			);
			runOnlyForDeploymentPostprocessing = 0;
		};
/* End PBXResourcesBuildPhase section */

/* Begin PBXSourcesBuildPhase section */
		4EDAA9041F2D489D00F1A5A2 /* Sources */ = {
			isa = PBXSourcesBuildPhase;
			buildActionMask = 2147483647;
			files = (
				4EDAA90E1F2D489D00F1A5A2 /* ViewController.swift in Sources */,
				4EDAA90C1F2D489D00F1A5A2 /* AppDelegate.swift in Sources */,
			);
			runOnlyForDeploymentPostprocessing = 0;
		};
		4EDAA9181F2D489D00F1A5A2 /* Sources */ = {
			isa = PBXSourcesBuildPhase;
			buildActionMask = 2147483647;
			files = (
				4EDAA9211F2D489D00F1A5A2 /* TestInnerTableViewTests.swift in Sources */,
			);
			runOnlyForDeploymentPostprocessing = 0;
		};
		4EDAA9231F2D489D00F1A5A2 /* Sources */ = {
			isa = PBXSourcesBuildPhase;
			buildActionMask = 2147483647;
			files = (
				4EDAA92C1F2D489D00F1A5A2 /* TestInnerTableViewUITests.swift in Sources */,
			);
			runOnlyForDeploymentPostprocessing = 0;
		};
/* End PBXSourcesBuildPhase section */

/* Begin PBXTargetDependency section */
		4EDAA91E1F2D489D00F1A5A2 /* PBXTargetDependency */ = {
			isa = PBXTargetDependency;
			target = 4EDAA9071F2D489D00F1A5A2 /* TestInnerTableView */;
			targetProxy = 4EDAA91D1F2D489D00F1A5A2 /* PBXContainerItemProxy */;
		};
		4EDAA9291F2D489D00F1A5A2 /* PBXTargetDependency */ = {
			isa = PBXTargetDependency;
			target = 4EDAA9071F2D489D00F1A5A2 /* TestInnerTableView */;
			targetProxy = 4EDAA9281F2D489D00F1A5A2 /* PBXContainerItemProxy */;
		};
/* End PBXTargetDependency section */

/* Begin PBXVariantGroup section */
		4EDAA90F1F2D489D00F1A5A2 /* Main.storyboard */ = {
			isa = PBXVariantGroup;
			children = (
				4EDAA9101F2D489D00F1A5A2 /* Base */,
			);
			name = Main.storyboard;
			sourceTree = "<group>";
		};
		4EDAA9141F2D489D00F1A5A2 /* LaunchScreen.storyboard */ = {
			isa = PBXVariantGroup;
			children = (
				4EDAA9151F2D489D00F1A5A2 /* Base */,
			);
			name = LaunchScreen.storyboard;
			sourceTree = "<group>";
		};
/* End PBXVariantGroup section */

/* Begin XCBuildConfiguration section */
		4EDAA92E1F2D489D00F1A5A2 /* Debug */ = {
			isa = XCBuildConfiguration;
			buildSettings = {
				ALWAYS_SEARCH_USER_PATHS = NO;
				CLANG_ANALYZER_NONNULL = YES;
				CLANG_ANALYZER_NUMBER_OBJECT_CONVERSION = YES_AGGRESSIVE;
				CLANG_CXX_LANGUAGE_STANDARD = "gnu++0x";
				CLANG_CXX_LIBRARY = "libc++";
				CLANG_ENABLE_MODULES = YES;
				CLANG_ENABLE_OBJC_ARC = YES;
				CLANG_WARN_BOOL_CONVERSION = YES;
				CLANG_WARN_CONSTANT_CONVERSION = YES;
				CLANG_WARN_DIRECT_OBJC_ISA_USAGE = YES_ERROR;
				CLANG_WARN_DOCUMENTATION_COMMENTS = YES;
				CLANG_WARN_EMPTY_BODY = YES;
				CLANG_WARN_ENUM_CONVERSION = YES;
				CLANG_WARN_INFINITE_RECURSION = YES;
				CLANG_WARN_INT_CONVERSION = YES;
				CLANG_WARN_OBJC_ROOT_CLASS = YES_ERROR;
				CLANG_WARN_SUSPICIOUS_MOVE = YES;
				CLANG_WARN_UNREACHABLE_CODE = YES;
				CLANG_WARN__DUPLICATE_METHOD_MATCH = YES;
				"CODE_SIGN_IDENTITY[sdk=iphoneos*]" = "iPhone Developer";
				COPY_PHASE_STRIP = NO;
				DEBUG_INFORMATION_FORMAT = dwarf;
				ENABLE_STRICT_OBJC_MSGSEND = YES;
				ENABLE_TESTABILITY = YES;
				GCC_C_LANGUAGE_STANDARD = gnu99;
				GCC_DYNAMIC_NO_PIC = NO;
				GCC_NO_COMMON_BLOCKS = YES;
				GCC_OPTIMIZATION_LEVEL = 0;
				GCC_PREPROCESSOR_DEFINITIONS = (
					"DEBUG=1",
					"$(inherited)",
				);
				GCC_WARN_64_TO_32_BIT_CONVERSION = YES;
				GCC_WARN_ABOUT_RETURN_TYPE = YES_ERROR;
				GCC_WARN_UNDECLARED_SELECTOR = YES;
				GCC_WARN_UNINITIALIZED_AUTOS = YES_AGGRESSIVE;
				GCC_WARN_UNUSED_FUNCTION = YES;
				GCC_WARN_UNUSED_VARIABLE = YES;
				IPHONEOS_DEPLOYMENT_TARGET = 10.3;
				MTL_ENABLE_DEBUG_INFO = YES;
				ONLY_ACTIVE_ARCH = YES;
				SDKROOT = iphoneos;
				SWIFT_ACTIVE_COMPILATION_CONDITIONS = DEBUG;
				SWIFT_OPTIMIZATION_LEVEL = "-Onone";
				TARGETED_DEVICE_FAMILY = "1,2";
			};
			name = Debug;
		};
		4EDAA92F1F2D489D00F1A5A2 /* Release */ = {
			isa = XCBuildConfiguration;
			buildSettings = {
				ALWAYS_SEARCH_USER_PATHS = NO;
				CLANG_ANALYZER_NONNULL = YES;
				CLANG_ANALYZER_NUMBER_OBJECT_CONVERSION = YES_AGGRESSIVE;
				CLANG_CXX_LANGUAGE_STANDARD = "gnu++0x";
				CLANG_CXX_LIBRARY = "libc++";
				CLANG_ENABLE_MODULES = YES;
				CLANG_ENABLE_OBJC_ARC = YES;
				CLANG_WARN_BOOL_CONVERSION = YES;
				CLANG_WARN_CONSTANT_CONVERSION = YES;
				CLANG_WARN_DIRECT_OBJC_ISA_USAGE = YES_ERROR;
				CLANG_WARN_DOCUMENTATION_COMMENTS = YES;
				CLANG_WARN_EMPTY_BODY = YES;
				CLANG_WARN_ENUM_CONVERSION = YES;
				CLANG_WARN_INFINITE_RECURSION = YES;
				CLANG_WARN_INT_CONVERSION = YES;
				CLANG_WARN_OBJC_ROOT_CLASS = YES_ERROR;
				CLANG_WARN_SUSPICIOUS_MOVE = YES;
				CLANG_WARN_UNREACHABLE_CODE = YES;
				CLANG_WARN__DUPLICATE_METHOD_MATCH = YES;
				"CODE_SIGN_IDENTITY[sdk=iphoneos*]" = "iPhone Developer";
				COPY_PHASE_STRIP = NO;
				DEBUG_INFORMATION_FORMAT = "dwarf-with-dsym";
				ENABLE_NS_ASSERTIONS = NO;
				ENABLE_STRICT_OBJC_MSGSEND = YES;
				GCC_C_LANGUAGE_STANDARD = gnu99;
				GCC_NO_COMMON_BLOCKS = YES;
				GCC_WARN_64_TO_32_BIT_CONVERSION = YES;
				GCC_WARN_ABOUT_RETURN_TYPE = YES_ERROR;
				GCC_WARN_UNDECLARED_SELECTOR = YES;
				GCC_WARN_UNINITIALIZED_AUTOS = YES_AGGRESSIVE;
				GCC_WARN_UNUSED_FUNCTION = YES;
				GCC_WARN_UNUSED_VARIABLE = YES;
				IPHONEOS_DEPLOYMENT_TARGET = 10.3;
				MTL_ENABLE_DEBUG_INFO = NO;
				SDKROOT = iphoneos;
				SWIFT_OPTIMIZATION_LEVEL = "-Owholemodule";
				TARGETED_DEVICE_FAMILY = "1,2";
				VALIDATE_PRODUCT = YES;
			};
			name = Release;
		};
		4EDAA9311F2D489D00F1A5A2 /* Debug */ = {
			isa = XCBuildConfiguration;
			buildSettings = {
				ASSETCATALOG_COMPILER_APPICON_NAME = AppIcon;
				DEVELOPMENT_TEAM = H9A6R5Z86A;
				INFOPLIST_FILE = TestInnerTableView/Info.plist;
				LD_RUNPATH_SEARCH_PATHS = "$(inherited) @executable_path/Frameworks";
				PRODUCT_BUNDLE_IDENTIFIER = com.devartisant.TestInnerTableView;
				PRODUCT_NAME = "$(TARGET_NAME)";
				SWIFT_VERSION = 3.0;
			};
			name = Debug;
		};
		4EDAA9321F2D489D00F1A5A2 /* Release */ = {
			isa = XCBuildConfiguration;
			buildSettings = {
				ASSETCATALOG_COMPILER_APPICON_NAME = AppIcon;
				DEVELOPMENT_TEAM = H9A6R5Z86A;
				INFOPLIST_FILE = TestInnerTableView/Info.plist;
				LD_RUNPATH_SEARCH_PATHS = "$(inherited) @executable_path/Frameworks";
				PRODUCT_BUNDLE_IDENTIFIER = com.devartisant.TestInnerTableView;
				PRODUCT_NAME = "$(TARGET_NAME)";
				SWIFT_VERSION = 3.0;
			};
			name = Release;
		};
		4EDAA9341F2D489D00F1A5A2 /* Debug */ = {
			isa = XCBuildConfiguration;
			buildSettings = {
				ALWAYS_EMBED_SWIFT_STANDARD_LIBRARIES = YES;
				BUNDLE_LOADER = "$(TEST_HOST)";
				DEVELOPMENT_TEAM = H9A6R5Z86A;
				INFOPLIST_FILE = TestInnerTableViewTests/Info.plist;
				LD_RUNPATH_SEARCH_PATHS = "$(inherited) @executable_path/Frameworks @loader_path/Frameworks";
				PRODUCT_BUNDLE_IDENTIFIER = com.devartisant.TestInnerTableViewTests;
				PRODUCT_NAME = "$(TARGET_NAME)";
				SWIFT_VERSION = 3.0;
				TEST_HOST = "$(BUILT_PRODUCTS_DIR)/TestInnerTableView.app/TestInnerTableView";
			};
			name = Debug;
		};
		4EDAA9351F2D489D00F1A5A2 /* Release */ = {
			isa = XCBuildConfiguration;
			buildSettings = {
				ALWAYS_EMBED_SWIFT_STANDARD_LIBRARIES = YES;
				BUNDLE_LOADER = "$(TEST_HOST)";
				DEVELOPMENT_TEAM = H9A6R5Z86A;
				INFOPLIST_FILE = TestInnerTableViewTests/Info.plist;
				LD_RUNPATH_SEARCH_PATHS = "$(inherited) @executable_path/Frameworks @loader_path/Frameworks";
				PRODUCT_BUNDLE_IDENTIFIER = com.devartisant.TestInnerTableViewTests;
				PRODUCT_NAME = "$(TARGET_NAME)";
				SWIFT_VERSION = 3.0;
				TEST_HOST = "$(BUILT_PRODUCTS_DIR)/TestInnerTableView.app/TestInnerTableView";
			};
			name = Release;
		};
		4EDAA9371F2D489D00F1A5A2 /* Debug */ = {
			isa = XCBuildConfiguration;
			buildSettings = {
				ALWAYS_EMBED_SWIFT_STANDARD_LIBRARIES = YES;
				DEVELOPMENT_TEAM = H9A6R5Z86A;
				INFOPLIST_FILE = TestInnerTableViewUITests/Info.plist;
				LD_RUNPATH_SEARCH_PATHS = "$(inherited) @executable_path/Frameworks @loader_path/Frameworks";
				PRODUCT_BUNDLE_IDENTIFIER = com.devartisant.TestInnerTableViewUITests;
				PRODUCT_NAME = "$(TARGET_NAME)";
				SWIFT_VERSION = 3.0;
				TEST_TARGET_NAME = TestInnerTableView;
			};
			name = Debug;
		};
		4EDAA9381F2D489D00F1A5A2 /* Release */ = {
			isa = XCBuildConfiguration;
			buildSettings = {
				ALWAYS_EMBED_SWIFT_STANDARD_LIBRARIES = YES;
				DEVELOPMENT_TEAM = H9A6R5Z86A;
				INFOPLIST_FILE = TestInnerTableViewUITests/Info.plist;
				LD_RUNPATH_SEARCH_PATHS = "$(inherited) @executable_path/Frameworks @loader_path/Frameworks";
				PRODUCT_BUNDLE_IDENTIFIER = com.devartisant.TestInnerTableViewUITests;
				PRODUCT_NAME = "$(TARGET_NAME)";
				SWIFT_VERSION = 3.0;
				TEST_TARGET_NAME = TestInnerTableView;
			};
			name = Release;
		};
/* End XCBuildConfiguration section */

/* Begin XCConfigurationList section */
		4EDAA9031F2D489D00F1A5A2 /* Build configuration list for PBXProject "TestInnerTableView" */ = {
			isa = XCConfigurationList;
			buildConfigurations = (
				4EDAA92E1F2D489D00F1A5A2 /* Debug */,
				4EDAA92F1F2D489D00F1A5A2 /* Release */,
			);
			defaultConfigurationIsVisible = 0;
			defaultConfigurationName = Release;
		};
		4EDAA9301F2D489D00F1A5A2 /* Build configuration list for PBXNativeTarget "TestInnerTableView" */ = {
			isa = XCConfigurationList;
			buildConfigurations = (
				4EDAA9311F2D489D00F1A5A2 /* Debug */,
				4EDAA9321F2D489D00F1A5A2 /* Release */,
			);
			defaultConfigurationIsVisible = 0;
		};
		4EDAA9331F2D489D00F1A5A2 /* Build configuration list for PBXNativeTarget "TestInnerTableViewTests" */ = {
			isa = XCConfigurationList;
			buildConfigurations = (
				4EDAA9341F2D489D00F1A5A2 /* Debug */,
				4EDAA9351F2D489D00F1A5A2 /* Release */,
			);
			defaultConfigurationIsVisible = 0;
		};
		4EDAA9361F2D489D00F1A5A2 /* Build configuration list for PBXNativeTarget "TestInnerTableViewUITests" */ = {
			isa = XCConfigurationList;
			buildConfigurations = (
				4EDAA9371F2D489D00F1A5A2 /* Debug */,
				4EDAA9381F2D489D00F1A5A2 /* Release */,
			);
			defaultConfigurationIsVisible = 0;
		};
/* End XCConfigurationList section */
	};
	rootObject = 4EDAA9001F2D489D00F1A5A2 /* Project object */;
}
